// !$*UTF8*$!
{
	archiveVersion = 1;
	classes = {
	};
	objectVersion = 70;
	objects = {

/* Begin PBXBuildFile section */
		1108E52C2D36182300A74135 /* AWSSigner in Frameworks */ = {isa = PBXBuildFile; productRef = 1108E52B2D36182300A74135 /* AWSSigner */; };
		1108E5312D36AF1D00A74135 /* Syphon.framework in Frameworks */ = {isa = PBXBuildFile; fileRef = 1127AC4E2C763756004C5D8C /* Syphon.framework */; };
		1108E5322D36AF1D00A74135 /* Syphon.framework in Embed Frameworks */ = {isa = PBXBuildFile; fileRef = 1127AC4E2C763756004C5D8C /* Syphon.framework */; settings = {ATTRIBUTES = (CodeSignOnCopy, RemoveHeadersOnCopy, ); }; };
		1108E58A2D37658D00A74135 /* libndi.dylib in Frameworks */ = {isa = PBXBuildFile; fileRef = 1108E5892D37658C00A74135 /* libndi.dylib */; };
		1108E5992D376B8900A74135 /* libndi.dylib in Embed Frameworks */ = {isa = PBXBuildFile; fileRef = 1108E5892D37658C00A74135 /* libndi.dylib */; settings = {ATTRIBUTES = (CodeSignOnCopy, ); }; };
		110A34902D35C9D900524032 /* NWHTTPServer in Frameworks */ = {isa = PBXBuildFile; productRef = 110A348F2D35C9D900524032 /* NWHTTPServer */; };
		111477012C7E90C600C4E395 /* KeychainSwift in Frameworks */ = {isa = PBXBuildFile; productRef = 111477002C7E90C600C4E395 /* KeychainSwift */; };
		1127AC502C76375D004C5D8C /* Syphon.framework in Frameworks */ = {isa = PBXBuildFile; fileRef = 1127AC4E2C763756004C5D8C /* Syphon.framework */; };
		1127AC512C76375D004C5D8C /* Syphon.framework in Embed Frameworks */ = {isa = PBXBuildFile; fileRef = 1127AC4E2C763756004C5D8C /* Syphon.framework */; settings = {ATTRIBUTES = (CodeSignOnCopy, RemoveHeadersOnCopy, ); }; };
		113A5FEF2D13BC580029F1ED /* SimplyCoreAudio in Frameworks */ = {isa = PBXBuildFile; productRef = 113A5FEE2D13BC580029F1ED /* SimplyCoreAudio */; };
		1141D2D22D3F3F6000810764 /* Sharing in Frameworks */ = {isa = PBXBuildFile; productRef = 1141D2D12D3F3F6000810764 /* Sharing */; };
		11C0250A2D0BC4CA007457C8 /* Dependencies in Frameworks */ = {isa = PBXBuildFile; productRef = 11C025092D0BC4CA007457C8 /* Dependencies */; };
		11C0250E2D0BE0C6007457C8 /* SFSafeSymbols in Frameworks */ = {isa = PBXBuildFile; productRef = 11C0250D2D0BE0C6007457C8 /* SFSafeSymbols */; };
		11D6F8D82D06B08A00D3A159 /* Queue in Frameworks */ = {isa = PBXBuildFile; productRef = 11D6F8D72D06B08A00D3A159 /* Queue */; };
		11E07C992D29FE320095F157 /* MetaCodable in Frameworks */ = {isa = PBXBuildFile; productRef = 11E07C982D29FE320095F157 /* MetaCodable */; };
/* End PBXBuildFile section */

/* Begin PBXContainerItemProxy section */
		1127AC2D2C7636FA004C5D8C /* PBXContainerItemProxy */ = {
			isa = PBXContainerItemProxy;
			containerPortal = 1127AC132C7636F8004C5D8C /* Project object */;
			proxyType = 1;
			remoteGlobalIDString = 1127AC1A2C7636F8004C5D8C;
			remoteInfo = SyphonToHLS;
		};
		1127AC372C7636FA004C5D8C /* PBXContainerItemProxy */ = {
			isa = PBXContainerItemProxy;
			containerPortal = 1127AC132C7636F8004C5D8C /* Project object */;
			proxyType = 1;
			remoteGlobalIDString = 1127AC1A2C7636F8004C5D8C;
			remoteInfo = SyphonToHLS;
		};
/* End PBXContainerItemProxy section */

/* Begin PBXCopyFilesBuildPhase section */
		1108E5332D36AF1D00A74135 /* Embed Frameworks */ = {
			isa = PBXCopyFilesBuildPhase;
			buildActionMask = 2147483647;
			dstPath = "";
			dstSubfolderSpec = 10;
			files = (
				1108E5322D36AF1D00A74135 /* Syphon.framework in Embed Frameworks */,
			);
			name = "Embed Frameworks";
			runOnlyForDeploymentPostprocessing = 0;
		};
		1127AC4D2C763735004C5D8C /* Embed Frameworks */ = {
			isa = PBXCopyFilesBuildPhase;
			buildActionMask = 2147483647;
			dstPath = "";
			dstSubfolderSpec = 10;
			files = (
				1108E5992D376B8900A74135 /* libndi.dylib in Embed Frameworks */,
				1127AC512C76375D004C5D8C /* Syphon.framework in Embed Frameworks */,
			);
			name = "Embed Frameworks";
			runOnlyForDeploymentPostprocessing = 0;
		};
/* End PBXCopyFilesBuildPhase section */

/* Begin PBXFileReference section */
		1108E5892D37658C00A74135 /* libndi.dylib */ = {isa = PBXFileReference; lastKnownFileType = "compiled.mach-o.dylib"; name = libndi.dylib; path = ../../../../../usr/local/lib/libndi.dylib; sourceTree = "<group>"; };
		1127AC1B2C7636F8004C5D8C /* SyphonToHLS.app */ = {isa = PBXFileReference; explicitFileType = wrapper.application; includeInIndex = 0; path = SyphonToHLS.app; sourceTree = BUILT_PRODUCTS_DIR; };
		1127AC2C2C7636FA004C5D8C /* SyphonToHLSTests.xctest */ = {isa = PBXFileReference; explicitFileType = wrapper.cfbundle; includeInIndex = 0; path = SyphonToHLSTests.xctest; sourceTree = BUILT_PRODUCTS_DIR; };
		1127AC362C7636FA004C5D8C /* SyphonToHLSUITests.xctest */ = {isa = PBXFileReference; explicitFileType = wrapper.cfbundle; includeInIndex = 0; path = SyphonToHLSUITests.xctest; sourceTree = BUILT_PRODUCTS_DIR; };
		1127AC4E2C763756004C5D8C /* Syphon.framework */ = {isa = PBXFileReference; lastKnownFileType = wrapper.framework; path = Syphon.framework; sourceTree = "<group>"; };
/* End PBXFileReference section */

/* Begin PBXFileSystemSynchronizedBuildFileExceptionSet section */
		1114770A2C7F764500C4E395 /* PBXFileSystemSynchronizedBuildFileExceptionSet */ = {
			isa = PBXFileSystemSynchronizedBuildFileExceptionSet;
			membershipExceptions = (
				Info.plist,
			);
			target = 1127AC1A2C7636F8004C5D8C /* SyphonToHLS */;
		};
/* End PBXFileSystemSynchronizedBuildFileExceptionSet section */

/* Begin PBXFileSystemSynchronizedRootGroup section */
		1127AC1D2C7636F8004C5D8C /* SyphonToHLS */ = {isa = PBXFileSystemSynchronizedRootGroup; exceptions = (1114770A2C7F764500C4E395 /* PBXFileSystemSynchronizedBuildFileExceptionSet */, ); explicitFileTypes = {}; explicitFolders = (); path = SyphonToHLS; sourceTree = "<group>"; };
		1127AC2F2C7636FA004C5D8C /* SyphonToHLSTests */ = {isa = PBXFileSystemSynchronizedRootGroup; explicitFileTypes = {}; explicitFolders = (); path = SyphonToHLSTests; sourceTree = "<group>"; };
		1127AC392C7636FA004C5D8C /* SyphonToHLSUITests */ = {isa = PBXFileSystemSynchronizedRootGroup; explicitFileTypes = {}; explicitFolders = (); path = SyphonToHLSUITests; sourceTree = "<group>"; };
/* End PBXFileSystemSynchronizedRootGroup section */

/* Begin PBXFrameworksBuildPhase section */
		1127AC182C7636F8004C5D8C /* Frameworks */ = {
			isa = PBXFrameworksBuildPhase;
			buildActionMask = 2147483647;
			files = (
				1108E52C2D36182300A74135 /* AWSSigner in Frameworks */,
				113A5FEF2D13BC580029F1ED /* SimplyCoreAudio in Frameworks */,
				110A34902D35C9D900524032 /* NWHTTPServer in Frameworks */,
				111477012C7E90C600C4E395 /* KeychainSwift in Frameworks */,
				1127AC502C76375D004C5D8C /* Syphon.framework in Frameworks */,
				11C0250E2D0BE0C6007457C8 /* SFSafeSymbols in Frameworks */,
				11E07C992D29FE320095F157 /* MetaCodable in Frameworks */,
				11C0250A2D0BC4CA007457C8 /* Dependencies in Frameworks */,
				1108E58A2D37658D00A74135 /* libndi.dylib in Frameworks */,
				1141D2D22D3F3F6000810764 /* Sharing in Frameworks */,
				11D6F8D82D06B08A00D3A159 /* Queue in Frameworks */,
			);
			runOnlyForDeploymentPostprocessing = 0;
		};
		1127AC292C7636FA004C5D8C /* Frameworks */ = {
			isa = PBXFrameworksBuildPhase;
			buildActionMask = 2147483647;
			files = (
				1108E5312D36AF1D00A74135 /* Syphon.framework in Frameworks */,
			);
			runOnlyForDeploymentPostprocessing = 0;
		};
		1127AC332C7636FA004C5D8C /* Frameworks */ = {
			isa = PBXFrameworksBuildPhase;
			buildActionMask = 2147483647;
			files = (
			);
			runOnlyForDeploymentPostprocessing = 0;
		};
/* End PBXFrameworksBuildPhase section */

/* Begin PBXGroup section */
		1127AC122C7636F8004C5D8C = {
			isa = PBXGroup;
			children = (
				1127AC4E2C763756004C5D8C /* Syphon.framework */,
				1127AC1D2C7636F8004C5D8C /* SyphonToHLS */,
				1127AC2F2C7636FA004C5D8C /* SyphonToHLSTests */,
				1127AC392C7636FA004C5D8C /* SyphonToHLSUITests */,
				11D52B862CA0EBAF00EBFB73 /* Frameworks */,
				1127AC1C2C7636F8004C5D8C /* Products */,
			);
			sourceTree = "<group>";
		};
		1127AC1C2C7636F8004C5D8C /* Products */ = {
			isa = PBXGroup;
			children = (
				1127AC1B2C7636F8004C5D8C /* SyphonToHLS.app */,
				1127AC2C2C7636FA004C5D8C /* SyphonToHLSTests.xctest */,
				1127AC362C7636FA004C5D8C /* SyphonToHLSUITests.xctest */,
			);
			name = Products;
			sourceTree = "<group>";
		};
		11D52B862CA0EBAF00EBFB73 /* Frameworks */ = {
			isa = PBXGroup;
			children = (
				1108E5892D37658C00A74135 /* libndi.dylib */,
			);
			name = Frameworks;
			sourceTree = "<group>";
		};
/* End PBXGroup section */

/* Begin PBXNativeTarget section */
		1127AC1A2C7636F8004C5D8C /* SyphonToHLS */ = {
			isa = PBXNativeTarget;
			buildConfigurationList = 1127AC402C7636FA004C5D8C /* Build configuration list for PBXNativeTarget "SyphonToHLS" */;
			buildPhases = (
				1127AC172C7636F8004C5D8C /* Sources */,
				1127AC182C7636F8004C5D8C /* Frameworks */,
				1127AC192C7636F8004C5D8C /* Resources */,
				1127AC4D2C763735004C5D8C /* Embed Frameworks */,
			);
			buildRules = (
			);
			dependencies = (
			);
			fileSystemSynchronizedGroups = (
				1127AC1D2C7636F8004C5D8C /* SyphonToHLS */,
			);
			name = SyphonToHLS;
			packageProductDependencies = (
				111477002C7E90C600C4E395 /* KeychainSwift */,
				11D6F8D72D06B08A00D3A159 /* Queue */,
				11C025092D0BC4CA007457C8 /* Dependencies */,
				11C0250D2D0BE0C6007457C8 /* SFSafeSymbols */,
				113A5FEE2D13BC580029F1ED /* SimplyCoreAudio */,
				11E07C982D29FE320095F157 /* MetaCodable */,
				110A348F2D35C9D900524032 /* NWHTTPServer */,
				1108E52B2D36182300A74135 /* AWSSigner */,
				1141D2D12D3F3F6000810764 /* Sharing */,
			);
			productName = SyphonToHLS;
			productReference = 1127AC1B2C7636F8004C5D8C /* SyphonToHLS.app */;
			productType = "com.apple.product-type.application";
		};
		1127AC2B2C7636FA004C5D8C /* SyphonToHLSTests */ = {
			isa = PBXNativeTarget;
			buildConfigurationList = 1127AC432C7636FA004C5D8C /* Build configuration list for PBXNativeTarget "SyphonToHLSTests" */;
			buildPhases = (
				1127AC282C7636FA004C5D8C /* Sources */,
				1127AC292C7636FA004C5D8C /* Frameworks */,
				1127AC2A2C7636FA004C5D8C /* Resources */,
				1108E5332D36AF1D00A74135 /* Embed Frameworks */,
			);
			buildRules = (
			);
			dependencies = (
				1127AC2E2C7636FA004C5D8C /* PBXTargetDependency */,
			);
			fileSystemSynchronizedGroups = (
				1127AC2F2C7636FA004C5D8C /* SyphonToHLSTests */,
			);
			name = SyphonToHLSTests;
			packageProductDependencies = (
			);
			productName = SyphonToHLSTests;
			productReference = 1127AC2C2C7636FA004C5D8C /* SyphonToHLSTests.xctest */;
			productType = "com.apple.product-type.bundle.unit-test";
		};
		1127AC352C7636FA004C5D8C /* SyphonToHLSUITests */ = {
			isa = PBXNativeTarget;
			buildConfigurationList = 1127AC462C7636FA004C5D8C /* Build configuration list for PBXNativeTarget "SyphonToHLSUITests" */;
			buildPhases = (
				1127AC322C7636FA004C5D8C /* Sources */,
				1127AC332C7636FA004C5D8C /* Frameworks */,
				1127AC342C7636FA004C5D8C /* Resources */,
			);
			buildRules = (
			);
			dependencies = (
				1127AC382C7636FA004C5D8C /* PBXTargetDependency */,
			);
			fileSystemSynchronizedGroups = (
				1127AC392C7636FA004C5D8C /* SyphonToHLSUITests */,
			);
			name = SyphonToHLSUITests;
			packageProductDependencies = (
			);
			productName = SyphonToHLSUITests;
			productReference = 1127AC362C7636FA004C5D8C /* SyphonToHLSUITests.xctest */;
			productType = "com.apple.product-type.bundle.ui-testing";
		};
/* End PBXNativeTarget section */

/* Begin PBXProject section */
		1127AC132C7636F8004C5D8C /* Project object */ = {
			isa = PBXProject;
			attributes = {
				BuildIndependentTargetsInParallel = 1;
				LastSwiftUpdateCheck = 1600;
				LastUpgradeCheck = 1600;
				TargetAttributes = {
					1127AC1A2C7636F8004C5D8C = {
						CreatedOnToolsVersion = 16.0;
						LastSwiftMigration = 1600;
					};
					1127AC2B2C7636FA004C5D8C = {
						CreatedOnToolsVersion = 16.0;
						TestTargetID = 1127AC1A2C7636F8004C5D8C;
					};
					1127AC352C7636FA004C5D8C = {
						CreatedOnToolsVersion = 16.0;
						TestTargetID = 1127AC1A2C7636F8004C5D8C;
					};
				};
			};
			buildConfigurationList = 1127AC162C7636F8004C5D8C /* Build configuration list for PBXProject "SyphonToHLS" */;
			compatibilityVersion = "Xcode 15.0";
			developmentRegion = en;
			hasScannedForEncodings = 0;
			knownRegions = (
				en,
				Base,
			);
			mainGroup = 1127AC122C7636F8004C5D8C;
			packageReferences = (
				111476FF2C7E81B900C4E395 /* XCRemoteSwiftPackageReference "keychain-swift" */,
				111478352C81278100C4E395 /* XCRemoteSwiftPackageReference "SFSafeSymbols" */,
				1151D20E2D06AEA9003BB250 /* XCRemoteSwiftPackageReference "Queue" */,
				11C120712D0B3278003C05CA /* XCRemoteSwiftPackageReference "swift-dependencies" */,
				113A5F9A2D139ED20029F1ED /* XCRemoteSwiftPackageReference "SimplyCoreAudio" */,
				11DC815F2D29FD4C004836A4 /* XCRemoteSwiftPackageReference "MetaCodable" */,
				110A342A2D35C99600524032 /* XCRemoteSwiftPackageReference "NWHTTPProtocol" */,
				110A34912D36021B00524032 /* XCRemoteSwiftPackageReference "aws-signer-v4" */,
				117F420A2D3F38BD00C45F07 /* XCRemoteSwiftPackageReference "swift-sharing" */,
			);
			productRefGroup = 1127AC1C2C7636F8004C5D8C /* Products */;
			projectDirPath = "";
			projectRoot = "";
			targets = (
				1127AC1A2C7636F8004C5D8C /* SyphonToHLS */,
				1127AC2B2C7636FA004C5D8C /* SyphonToHLSTests */,
				1127AC352C7636FA004C5D8C /* SyphonToHLSUITests */,
			);
		};
/* End PBXProject section */

/* Begin PBXResourcesBuildPhase section */
		1127AC192C7636F8004C5D8C /* Resources */ = {
			isa = PBXResourcesBuildPhase;
			buildActionMask = 2147483647;
			files = (
			);
			runOnlyForDeploymentPostprocessing = 0;
		};
		1127AC2A2C7636FA004C5D8C /* Resources */ = {
			isa = PBXResourcesBuildPhase;
			buildActionMask = 2147483647;
			files = (
			);
			runOnlyForDeploymentPostprocessing = 0;
		};
		1127AC342C7636FA004C5D8C /* Resources */ = {
			isa = PBXResourcesBuildPhase;
			buildActionMask = 2147483647;
			files = (
			);
			runOnlyForDeploymentPostprocessing = 0;
		};
/* End PBXResourcesBuildPhase section */

/* Begin PBXSourcesBuildPhase section */
		1127AC172C7636F8004C5D8C /* Sources */ = {
			isa = PBXSourcesBuildPhase;
			buildActionMask = 2147483647;
			files = (
			);
			runOnlyForDeploymentPostprocessing = 0;
		};
		1127AC282C7636FA004C5D8C /* Sources */ = {
			isa = PBXSourcesBuildPhase;
			buildActionMask = 2147483647;
			files = (
			);
			runOnlyForDeploymentPostprocessing = 0;
		};
		1127AC322C7636FA004C5D8C /* Sources */ = {
			isa = PBXSourcesBuildPhase;
			buildActionMask = 2147483647;
			files = (
			);
			runOnlyForDeploymentPostprocessing = 0;
		};
/* End PBXSourcesBuildPhase section */

/* Begin PBXTargetDependency section */
		1127AC2E2C7636FA004C5D8C /* PBXTargetDependency */ = {
			isa = PBXTargetDependency;
			target = 1127AC1A2C7636F8004C5D8C /* SyphonToHLS */;
			targetProxy = 1127AC2D2C7636FA004C5D8C /* PBXContainerItemProxy */;
		};
		1127AC382C7636FA004C5D8C /* PBXTargetDependency */ = {
			isa = PBXTargetDependency;
			target = 1127AC1A2C7636F8004C5D8C /* SyphonToHLS */;
			targetProxy = 1127AC372C7636FA004C5D8C /* PBXContainerItemProxy */;
		};
/* End PBXTargetDependency section */

/* Begin XCBuildConfiguration section */
		1127AC3E2C7636FA004C5D8C /* Debug */ = {
			isa = XCBuildConfiguration;
			buildSettings = {
				ALWAYS_SEARCH_USER_PATHS = NO;
				ASSETCATALOG_COMPILER_GENERATE_SWIFT_ASSET_SYMBOL_EXTENSIONS = YES;
				CLANG_ANALYZER_NONNULL = YES;
				CLANG_ANALYZER_NUMBER_OBJECT_CONVERSION = YES_AGGRESSIVE;
				CLANG_CXX_LANGUAGE_STANDARD = "gnu++20";
				CLANG_ENABLE_MODULES = YES;
				CLANG_ENABLE_OBJC_ARC = YES;
				CLANG_ENABLE_OBJC_WEAK = YES;
				CLANG_WARN_BLOCK_CAPTURE_AUTORELEASING = YES;
				CLANG_WARN_BOOL_CONVERSION = YES;
				CLANG_WARN_COMMA = YES;
				CLANG_WARN_CONSTANT_CONVERSION = YES;
				CLANG_WARN_DEPRECATED_OBJC_IMPLEMENTATIONS = YES;
				CLANG_WARN_DIRECT_OBJC_ISA_USAGE = YES_ERROR;
				CLANG_WARN_DOCUMENTATION_COMMENTS = YES;
				CLANG_WARN_EMPTY_BODY = YES;
				CLANG_WARN_ENUM_CONVERSION = YES;
				CLANG_WARN_INFINITE_RECURSION = YES;
				CLANG_WARN_INT_CONVERSION = YES;
				CLANG_WARN_NON_LITERAL_NULL_CONVERSION = YES;
				CLANG_WARN_OBJC_IMPLICIT_RETAIN_SELF = YES;
				CLANG_WARN_OBJC_LITERAL_CONVERSION = YES;
				CLANG_WARN_OBJC_ROOT_CLASS = YES_ERROR;
				CLANG_WARN_QUOTED_INCLUDE_IN_FRAMEWORK_HEADER = YES;
				CLANG_WARN_RANGE_LOOP_ANALYSIS = YES;
				CLANG_WARN_STRICT_PROTOTYPES = YES;
				CLANG_WARN_SUSPICIOUS_MOVE = YES;
				CLANG_WARN_UNGUARDED_AVAILABILITY = YES_AGGRESSIVE;
				CLANG_WARN_UNREACHABLE_CODE = YES;
				CLANG_WARN__DUPLICATE_METHOD_MATCH = YES;
				COPY_PHASE_STRIP = NO;
				DEBUG_INFORMATION_FORMAT = dwarf;
				ENABLE_STRICT_OBJC_MSGSEND = YES;
				ENABLE_TESTABILITY = YES;
				ENABLE_USER_SCRIPT_SANDBOXING = YES;
				GCC_C_LANGUAGE_STANDARD = gnu17;
				GCC_DYNAMIC_NO_PIC = NO;
				GCC_NO_COMMON_BLOCKS = YES;
				GCC_OPTIMIZATION_LEVEL = 0;
				GCC_PREPROCESSOR_DEFINITIONS = (
					"DEBUG=1",
					"$(inherited)",
				);
				GCC_WARN_64_TO_32_BIT_CONVERSION = YES;
				GCC_WARN_ABOUT_RETURN_TYPE = YES_ERROR;
				GCC_WARN_UNDECLARED_SELECTOR = YES;
				GCC_WARN_UNINITIALIZED_AUTOS = YES_AGGRESSIVE;
				GCC_WARN_UNUSED_FUNCTION = YES;
				GCC_WARN_UNUSED_VARIABLE = YES;
				LOCALIZATION_PREFERS_STRING_CATALOGS = YES;
				MACOSX_DEPLOYMENT_TARGET = 15.0;
				MTL_ENABLE_DEBUG_INFO = INCLUDE_SOURCE;
				MTL_FAST_MATH = YES;
				ONLY_ACTIVE_ARCH = YES;
				SDKROOT = macosx;
				SWIFT_ACTIVE_COMPILATION_CONDITIONS = "DEBUG $(inherited)";
				SWIFT_OPTIMIZATION_LEVEL = "-Onone";
				SWIFT_VERSION = 6.0;
			};
			name = Debug;
		};
		1127AC3F2C7636FA004C5D8C /* Release */ = {
			isa = XCBuildConfiguration;
			buildSettings = {
				ALWAYS_SEARCH_USER_PATHS = NO;
				ASSETCATALOG_COMPILER_GENERATE_SWIFT_ASSET_SYMBOL_EXTENSIONS = YES;
				CLANG_ANALYZER_NONNULL = YES;
				CLANG_ANALYZER_NUMBER_OBJECT_CONVERSION = YES_AGGRESSIVE;
				CLANG_CXX_LANGUAGE_STANDARD = "gnu++20";
				CLANG_ENABLE_MODULES = YES;
				CLANG_ENABLE_OBJC_ARC = YES;
				CLANG_ENABLE_OBJC_WEAK = YES;
				CLANG_WARN_BLOCK_CAPTURE_AUTORELEASING = YES;
				CLANG_WARN_BOOL_CONVERSION = YES;
				CLANG_WARN_COMMA = YES;
				CLANG_WARN_CONSTANT_CONVERSION = YES;
				CLANG_WARN_DEPRECATED_OBJC_IMPLEMENTATIONS = YES;
				CLANG_WARN_DIRECT_OBJC_ISA_USAGE = YES_ERROR;
				CLANG_WARN_DOCUMENTATION_COMMENTS = YES;
				CLANG_WARN_EMPTY_BODY = YES;
				CLANG_WARN_ENUM_CONVERSION = YES;
				CLANG_WARN_INFINITE_RECURSION = YES;
				CLANG_WARN_INT_CONVERSION = YES;
				CLANG_WARN_NON_LITERAL_NULL_CONVERSION = YES;
				CLANG_WARN_OBJC_IMPLICIT_RETAIN_SELF = YES;
				CLANG_WARN_OBJC_LITERAL_CONVERSION = YES;
				CLANG_WARN_OBJC_ROOT_CLASS = YES_ERROR;
				CLANG_WARN_QUOTED_INCLUDE_IN_FRAMEWORK_HEADER = YES;
				CLANG_WARN_RANGE_LOOP_ANALYSIS = YES;
				CLANG_WARN_STRICT_PROTOTYPES = YES;
				CLANG_WARN_SUSPICIOUS_MOVE = YES;
				CLANG_WARN_UNGUARDED_AVAILABILITY = YES_AGGRESSIVE;
				CLANG_WARN_UNREACHABLE_CODE = YES;
				CLANG_WARN__DUPLICATE_METHOD_MATCH = YES;
				COPY_PHASE_STRIP = NO;
				DEBUG_INFORMATION_FORMAT = "dwarf-with-dsym";
				ENABLE_NS_ASSERTIONS = NO;
				ENABLE_STRICT_OBJC_MSGSEND = YES;
				ENABLE_USER_SCRIPT_SANDBOXING = YES;
				GCC_C_LANGUAGE_STANDARD = gnu17;
				GCC_NO_COMMON_BLOCKS = YES;
				GCC_WARN_64_TO_32_BIT_CONVERSION = YES;
				GCC_WARN_ABOUT_RETURN_TYPE = YES_ERROR;
				GCC_WARN_UNDECLARED_SELECTOR = YES;
				GCC_WARN_UNINITIALIZED_AUTOS = YES_AGGRESSIVE;
				GCC_WARN_UNUSED_FUNCTION = YES;
				GCC_WARN_UNUSED_VARIABLE = YES;
				LOCALIZATION_PREFERS_STRING_CATALOGS = YES;
				MACOSX_DEPLOYMENT_TARGET = 15.0;
				MTL_ENABLE_DEBUG_INFO = NO;
				MTL_FAST_MATH = YES;
				SDKROOT = macosx;
				SWIFT_COMPILATION_MODE = wholemodule;
				SWIFT_VERSION = 6.0;
			};
			name = Release;
		};
		1127AC412C7636FA004C5D8C /* Debug */ = {
			isa = XCBuildConfiguration;
			buildSettings = {
				ASSETCATALOG_COMPILER_APPICON_NAME = AppIcon;
				ASSETCATALOG_COMPILER_GLOBAL_ACCENT_COLOR_NAME = AccentColor;
				CLANG_ENABLE_MODULES = YES;
				CODE_SIGN_ENTITLEMENTS = SyphonToHLS/SyphonToHLS.entitlements;
				CODE_SIGN_STYLE = Automatic;
				COMBINE_HIDPI_IMAGES = YES;
				CURRENT_PROJECT_VERSION = 4;
				DEVELOPMENT_ASSET_PATHS = "\"SyphonToHLS/Preview Content\"";
				DEVELOPMENT_TEAM = 7TR2B85D62;
				ENABLE_HARDENED_RUNTIME = YES;
				ENABLE_PREVIEWS = YES;
				FRAMEWORK_SEARCH_PATHS = (
					"$(inherited)",
					"$(PROJECT_DIR)",
				);
				GENERATE_INFOPLIST_FILE = YES;
				HEADER_SEARCH_PATHS = "'/Library/NDI SDK for Apple/include'";
				INFOPLIST_FILE = SyphonToHLS/Info.plist;
				INFOPLIST_KEY_CFBundleDisplayName = SyphonToHLS;
				INFOPLIST_KEY_LSApplicationCategoryType = "public.app-category.video";
				INFOPLIST_KEY_NSHumanReadableCopyright = "";
				INFOPLIST_KEY_NSLocalNetworkUsageDescription = "Local network connections are used to find and use NDI sources.";
				INFOPLIST_KEY_NSMicrophoneUsageDescription = "Microphone access is used for streaming input audio.";
				LD_RUNPATH_SEARCH_PATHS = (
					"$(inherited)",
					"@executable_path/../Frameworks",
				);
				LIBRARY_SEARCH_PATHS = /usr/local/lib;
				MACOSX_DEPLOYMENT_TARGET = 15.0;
				MARKETING_VERSION = 1.1.0;
				PRODUCT_BUNDLE_IDENTIFIER = co.davidbeck.SyphonToHLS;
				PRODUCT_NAME = "$(TARGET_NAME)";
				SWIFT_EMIT_LOC_STRINGS = YES;
				SWIFT_OBJC_BRIDGING_HEADER = "SyphonToHLS/SyphonToHLS-Bridging-Header.h";
				SWIFT_OPTIMIZATION_LEVEL = "-Onone";
			};
			name = Debug;
		};
		1127AC422C7636FA004C5D8C /* Release */ = {
			isa = XCBuildConfiguration;
			buildSettings = {
				ASSETCATALOG_COMPILER_APPICON_NAME = AppIcon;
				ASSETCATALOG_COMPILER_GLOBAL_ACCENT_COLOR_NAME = AccentColor;
				CLANG_ENABLE_MODULES = YES;
				CODE_SIGN_ENTITLEMENTS = SyphonToHLS/SyphonToHLS.entitlements;
				CODE_SIGN_STYLE = Automatic;
				COMBINE_HIDPI_IMAGES = YES;
				CURRENT_PROJECT_VERSION = 4;
				DEVELOPMENT_ASSET_PATHS = "\"SyphonToHLS/Preview Content\"";
				DEVELOPMENT_TEAM = 7TR2B85D62;
				ENABLE_HARDENED_RUNTIME = YES;
				ENABLE_PREVIEWS = YES;
				FRAMEWORK_SEARCH_PATHS = (
					"$(inherited)",
					"$(PROJECT_DIR)",
				);
				GENERATE_INFOPLIST_FILE = YES;
				HEADER_SEARCH_PATHS = "'/Library/NDI SDK for Apple/include'";
				INFOPLIST_FILE = SyphonToHLS/Info.plist;
				INFOPLIST_KEY_CFBundleDisplayName = SyphonToHLS;
				INFOPLIST_KEY_LSApplicationCategoryType = "public.app-category.video";
				INFOPLIST_KEY_NSHumanReadableCopyright = "";
				INFOPLIST_KEY_NSLocalNetworkUsageDescription = "Local network connections are used to find and use NDI sources.";
				INFOPLIST_KEY_NSMicrophoneUsageDescription = "Microphone access is used for streaming input audio.";
				LD_RUNPATH_SEARCH_PATHS = (
					"$(inherited)",
					"@executable_path/../Frameworks",
				);
				LIBRARY_SEARCH_PATHS = /usr/local/lib;
				MACOSX_DEPLOYMENT_TARGET = 15.0;
				MARKETING_VERSION = 1.1.0;
				PRODUCT_BUNDLE_IDENTIFIER = co.davidbeck.SyphonToHLS;
				PRODUCT_NAME = "$(TARGET_NAME)";
				SWIFT_EMIT_LOC_STRINGS = YES;
				SWIFT_OBJC_BRIDGING_HEADER = "SyphonToHLS/SyphonToHLS-Bridging-Header.h";
			};
			name = Release;
		};
		1127AC442C7636FA004C5D8C /* Debug */ = {
			isa = XCBuildConfiguration;
			buildSettings = {
				BUNDLE_LOADER = "$(TEST_HOST)";
				CODE_SIGN_STYLE = Automatic;
				CURRENT_PROJECT_VERSION = 1;
				DEVELOPMENT_TEAM = 7TR2B85D62;
				FRAMEWORK_SEARCH_PATHS = (
					"$(inherited)",
					"$(PROJECT_DIR)",
				);
				GENERATE_INFOPLIST_FILE = YES;
				HEADER_SEARCH_PATHS = "'/Library/NDI SDK for Apple/include'";
				MACOSX_DEPLOYMENT_TARGET = 15.0;
				MARKETING_VERSION = 1.0;
				PRODUCT_BUNDLE_IDENTIFIER = co.davidbeck.SyphonToHLSTests;
				PRODUCT_NAME = "$(TARGET_NAME)";
				SWIFT_EMIT_LOC_STRINGS = NO;
				TEST_HOST = "$(BUILT_PRODUCTS_DIR)/SyphonToHLS.app/$(BUNDLE_EXECUTABLE_FOLDER_PATH)/SyphonToHLS";
			};
			name = Debug;
		};
		1127AC452C7636FA004C5D8C /* Release */ = {
			isa = XCBuildConfiguration;
			buildSettings = {
				BUNDLE_LOADER = "$(TEST_HOST)";
				CODE_SIGN_STYLE = Automatic;
				CURRENT_PROJECT_VERSION = 1;
				DEVELOPMENT_TEAM = 7TR2B85D62;
				FRAMEWORK_SEARCH_PATHS = (
					"$(inherited)",
					"$(PROJECT_DIR)",
				);
				GENERATE_INFOPLIST_FILE = YES;
				HEADER_SEARCH_PATHS = "'/Library/NDI SDK for Apple/include'";
				MACOSX_DEPLOYMENT_TARGET = 15.0;
				MARKETING_VERSION = 1.0;
				PRODUCT_BUNDLE_IDENTIFIER = co.davidbeck.SyphonToHLSTests;
				PRODUCT_NAME = "$(TARGET_NAME)";
				SWIFT_EMIT_LOC_STRINGS = NO;
				TEST_HOST = "$(BUILT_PRODUCTS_DIR)/SyphonToHLS.app/$(BUNDLE_EXECUTABLE_FOLDER_PATH)/SyphonToHLS";
			};
			name = Release;
		};
		1127AC472C7636FA004C5D8C /* Debug */ = {
			isa = XCBuildConfiguration;
			buildSettings = {
				CODE_SIGN_STYLE = Automatic;
				CURRENT_PROJECT_VERSION = 1;
				DEVELOPMENT_TEAM = 7TR2B85D62;
				GENERATE_INFOPLIST_FILE = YES;
				MARKETING_VERSION = 1.0;
				PRODUCT_BUNDLE_IDENTIFIER = co.davidbeck.SyphonToHLSUITests;
				PRODUCT_NAME = "$(TARGET_NAME)";
				SWIFT_EMIT_LOC_STRINGS = NO;
				TEST_TARGET_NAME = SyphonToHLS;
			};
			name = Debug;
		};
		1127AC482C7636FA004C5D8C /* Release */ = {
			isa = XCBuildConfiguration;
			buildSettings = {
				CODE_SIGN_STYLE = Automatic;
				CURRENT_PROJECT_VERSION = 1;
				DEVELOPMENT_TEAM = 7TR2B85D62;
				GENERATE_INFOPLIST_FILE = YES;
				MARKETING_VERSION = 1.0;
				PRODUCT_BUNDLE_IDENTIFIER = co.davidbeck.SyphonToHLSUITests;
				PRODUCT_NAME = "$(TARGET_NAME)";
				SWIFT_EMIT_LOC_STRINGS = NO;
				TEST_TARGET_NAME = SyphonToHLS;
			};
			name = Release;
		};
/* End XCBuildConfiguration section */

/* Begin XCConfigurationList section */
		1127AC162C7636F8004C5D8C /* Build configuration list for PBXProject "SyphonToHLS" */ = {
			isa = XCConfigurationList;
			buildConfigurations = (
				1127AC3E2C7636FA004C5D8C /* Debug */,
				1127AC3F2C7636FA004C5D8C /* Release */,
			);
			defaultConfigurationIsVisible = 0;
			defaultConfigurationName = Release;
		};
		1127AC402C7636FA004C5D8C /* Build configuration list for PBXNativeTarget "SyphonToHLS" */ = {
			isa = XCConfigurationList;
			buildConfigurations = (
				1127AC412C7636FA004C5D8C /* Debug */,
				1127AC422C7636FA004C5D8C /* Release */,
			);
			defaultConfigurationIsVisible = 0;
			defaultConfigurationName = Release;
		};
		1127AC432C7636FA004C5D8C /* Build configuration list for PBXNativeTarget "SyphonToHLSTests" */ = {
			isa = XCConfigurationList;
			buildConfigurations = (
				1127AC442C7636FA004C5D8C /* Debug */,
				1127AC452C7636FA004C5D8C /* Release */,
			);
			defaultConfigurationIsVisible = 0;
			defaultConfigurationName = Release;
		};
		1127AC462C7636FA004C5D8C /* Build configuration list for PBXNativeTarget "SyphonToHLSUITests" */ = {
			isa = XCConfigurationList;
			buildConfigurations = (
				1127AC472C7636FA004C5D8C /* Debug */,
				1127AC482C7636FA004C5D8C /* Release */,
			);
			defaultConfigurationIsVisible = 0;
			defaultConfigurationName = Release;
		};
/* End XCConfigurationList section */

/* Begin XCRemoteSwiftPackageReference section */
		110A342A2D35C99600524032 /* XCRemoteSwiftPackageReference "NWHTTPProtocol" */ = {
			isa = XCRemoteSwiftPackageReference;
			repositoryURL = "https://github.com/helje5/NWHTTPProtocol.git";
			requirement = {
				kind = upToNextMajorVersion;
				minimumVersion = 0.1.0;
			};
		};
		110A34912D36021B00524032 /* XCRemoteSwiftPackageReference "aws-signer-v4" */ = {
			isa = XCRemoteSwiftPackageReference;
			repositoryURL = "https://github.com/adam-fowler/aws-signer-v4.git";
			requirement = {
				kind = upToNextMajorVersion;
				minimumVersion = 2.1.1;
			};
		};
		111476FF2C7E81B900C4E395 /* XCRemoteSwiftPackageReference "keychain-swift" */ = {
			isa = XCRemoteSwiftPackageReference;
			repositoryURL = "https://github.com/evgenyneu/keychain-swift.git";
			requirement = {
				kind = upToNextMajorVersion;
				minimumVersion = 24.0.0;
			};
		};
		111478352C81278100C4E395 /* XCRemoteSwiftPackageReference "SFSafeSymbols" */ = {
			isa = XCRemoteSwiftPackageReference;
			repositoryURL = "https://github.com/SFSafeSymbols/SFSafeSymbols";
			requirement = {
				kind = upToNextMajorVersion;
				minimumVersion = 5.3.0;
			};
		};
		113A5F9A2D139ED20029F1ED /* XCRemoteSwiftPackageReference "SimplyCoreAudio" */ = {
			isa = XCRemoteSwiftPackageReference;
			repositoryURL = "https://github.com/rnine/SimplyCoreAudio.git";
			requirement = {
				kind = upToNextMajorVersion;
				minimumVersion = 4.1.1;
			};
		};
		1151D20E2D06AEA9003BB250 /* XCRemoteSwiftPackageReference "Queue" */ = {
			isa = XCRemoteSwiftPackageReference;
			repositoryURL = "https://github.com/mattmassicotte/Queue.git";
			requirement = {
				kind = upToNextMajorVersion;
				minimumVersion = 0.2.0;
			};
		};
		117F420A2D3F38BD00C45F07 /* XCRemoteSwiftPackageReference "swift-sharing" */ = {
			isa = XCRemoteSwiftPackageReference;
			repositoryURL = "https://github.com/pointfreeco/swift-sharing.git";
			requirement = {
				kind = upToNextMajorVersion;
				minimumVersion = 2.1.0;
			};
		};
		11C120712D0B3278003C05CA /* XCRemoteSwiftPackageReference "swift-dependencies" */ = {
			isa = XCRemoteSwiftPackageReference;
			repositoryURL = "https://github.com/pointfreeco/swift-dependencies.git";
			requirement = {
				kind = upToNextMajorVersion;
				minimumVersion = 1.6.2;
			};
		};
		11DC815F2D29FD4C004836A4 /* XCRemoteSwiftPackageReference "MetaCodable" */ = {
			isa = XCRemoteSwiftPackageReference;
			repositoryURL = "https://github.com/SwiftyLab/MetaCodable.git";
			requirement = {
				kind = upToNextMajorVersion;
				minimumVersion = 1.4.0;
			};
		};
/* End XCRemoteSwiftPackageReference section */

/* Begin XCSwiftPackageProductDependency section */
		1108E52B2D36182300A74135 /* AWSSigner */ = {
			isa = XCSwiftPackageProductDependency;
			package = 110A34912D36021B00524032 /* XCRemoteSwiftPackageReference "aws-signer-v4" */;
			productName = AWSSigner;
		};
		110A348F2D35C9D900524032 /* NWHTTPServer */ = {
			isa = XCSwiftPackageProductDependency;
			package = 110A342A2D35C99600524032 /* XCRemoteSwiftPackageReference "NWHTTPProtocol" */;
			productName = NWHTTPServer;
		};
		111477002C7E90C600C4E395 /* KeychainSwift */ = {
			isa = XCSwiftPackageProductDependency;
			package = 111476FF2C7E81B900C4E395 /* XCRemoteSwiftPackageReference "keychain-swift" */;
			productName = KeychainSwift;
		};
		113A5FEE2D13BC580029F1ED /* SimplyCoreAudio */ = {
			isa = XCSwiftPackageProductDependency;
			package = 113A5F9A2D139ED20029F1ED /* XCRemoteSwiftPackageReference "SimplyCoreAudio" */;
			productName = SimplyCoreAudio;
		};
		1141D2D12D3F3F6000810764 /* Sharing */ = {
			isa = XCSwiftPackageProductDependency;
			package = 117F420A2D3F38BD00C45F07 /* XCRemoteSwiftPackageReference "swift-sharing" */;
			productName = Sharing;
		};
		11C025092D0BC4CA007457C8 /* Dependencies */ = {
			isa = XCSwiftPackageProductDependency;
			package = 11C120712D0B3278003C05CA /* XCRemoteSwiftPackageReference "swift-dependencies" */;
			productName = Dependencies;
		};
		11C0250D2D0BE0C6007457C8 /* SFSafeSymbols */ = {
			isa = XCSwiftPackageProductDependency;
			package = 111478352C81278100C4E395 /* XCRemoteSwiftPackageReference "SFSafeSymbols" */;
			productName = SFSafeSymbols;
		};
		11D6F8D72D06B08A00D3A159 /* Queue */ = {
			isa = XCSwiftPackageProductDependency;
			package = 1151D20E2D06AEA9003BB250 /* XCRemoteSwiftPackageReference "Queue" */;
			productName = Queue;
		};
		11E07C982D29FE320095F157 /* MetaCodable */ = {
			isa = XCSwiftPackageProductDependency;
			package = 11DC815F2D29FD4C004836A4 /* XCRemoteSwiftPackageReference "MetaCodable" */;
			productName = MetaCodable;
		};
/* End XCSwiftPackageProductDependency section */
	};
	rootObject = 1127AC132C7636F8004C5D8C /* Project object */;
}
